// !$*UTF8*$!
{
	archiveVersion = 1;
	classes = {
	};
	objectVersion = 55;
	objects = {

/* Begin PBXBuildFile section */
		69A2D47D2C32ECCC000BF38D /* FlickrApp.swift in Sources */ = {isa = PBXBuildFile; fileRef = 69A2D47C2C32ECCC000BF38D /* FlickrApp.swift */; };
		69A2D47F2C32ECCC000BF38D /* ContentView.swift in Sources */ = {isa = PBXBuildFile; fileRef = 69A2D47E2C32ECCC000BF38D /* ContentView.swift */; };
		69A2D4812C32ECCF000BF38D /* Assets.xcassets in Resources */ = {isa = PBXBuildFile; fileRef = 69A2D4802C32ECCF000BF38D /* Assets.xcassets */; };
		69A2D4842C32ECCF000BF38D /* Preview Assets.xcassets in Resources */ = {isa = PBXBuildFile; fileRef = 69A2D4832C32ECCF000BF38D /* Preview Assets.xcassets */; };
		69A2D48E2C32ECCF000BF38D /* FlickrTests.swift in Sources */ = {isa = PBXBuildFile; fileRef = 69A2D48D2C32ECCF000BF38D /* FlickrTests.swift */; };
		69A2D4982C32ECCF000BF38D /* FlickrUITests.swift in Sources */ = {isa = PBXBuildFile; fileRef = 69A2D4972C32ECCF000BF38D /* FlickrUITests.swift */; };
		69A2D49A2C32ECCF000BF38D /* FlickrUITestsLaunchTests.swift in Sources */ = {isa = PBXBuildFile; fileRef = 69A2D4992C32ECCF000BF38D /* FlickrUITestsLaunchTests.swift */; };
		69A2D4A72C32EE2C000BF38D /* FlickrFeed.swift in Sources */ = {isa = PBXBuildFile; fileRef = 69A2D4A62C32EE2C000BF38D /* FlickrFeed.swift */; };
		69A2D4A92C32EE5F000BF38D /* SearchBar.swift in Sources */ = {isa = PBXBuildFile; fileRef = 69A2D4A82C32EE5F000BF38D /* SearchBar.swift */; };
		69A2D4AB2C32F5D7000BF38D /* FlickerSearchBarViewModel.swift in Sources */ = {isa = PBXBuildFile; fileRef = 69A2D4AA2C32F5D7000BF38D /* FlickerSearchBarViewModel.swift */; };
		69A2D4AD2C3302BE000BF38D /* ImageDetailView.swift in Sources */ = {isa = PBXBuildFile; fileRef = 69A2D4AC2C3302BE000BF38D /* ImageDetailView.swift */; };
		69A2D4B22C3308A9000BF38D /* DateParsingTests.swift in Sources */ = {isa = PBXBuildFile; fileRef = 69A2D4B12C3308A9000BF38D /* DateParsingTests.swift */; };
		69D47BBF2C330C6F0004077A /* ImageDetailViewModel.swift in Sources */ = {isa = PBXBuildFile; fileRef = 69A2D4AF2C330836000BF38D /* ImageDetailViewModel.swift */; };
/* End PBXBuildFile section */

/* Begin PBXContainerItemProxy section */
		69A2D48A2C32ECCF000BF38D /* PBXContainerItemProxy */ = {
			isa = PBXContainerItemProxy;
			containerPortal = 69A2D4712C32ECCC000BF38D /* Project object */;
			proxyType = 1;
			remoteGlobalIDString = 69A2D4782C32ECCC000BF38D;
			remoteInfo = Flickr;
		};
		69A2D4942C32ECCF000BF38D /* PBXContainerItemProxy */ = {
			isa = PBXContainerItemProxy;
			containerPortal = 69A2D4712C32ECCC000BF38D /* Project object */;
			proxyType = 1;
			remoteGlobalIDString = 69A2D4782C32ECCC000BF38D;
			remoteInfo = Flickr;
		};
/* End PBXContainerItemProxy section */

/* Begin PBXFileReference section */
		69A2D4792C32ECCC000BF38D /* Flickr.app */ = {isa = PBXFileReference; explicitFileType = wrapper.application; includeInIndex = 0; path = Flickr.app; sourceTree = BUILT_PRODUCTS_DIR; };
		69A2D47C2C32ECCC000BF38D /* FlickrApp.swift */ = {isa = PBXFileReference; lastKnownFileType = sourcecode.swift; path = FlickrApp.swift; sourceTree = "<group>"; };
		69A2D47E2C32ECCC000BF38D /* ContentView.swift */ = {isa = PBXFileReference; lastKnownFileType = sourcecode.swift; path = ContentView.swift; sourceTree = "<group>"; };
		69A2D4802C32ECCF000BF38D /* Assets.xcassets */ = {isa = PBXFileReference; lastKnownFileType = folder.assetcatalog; path = Assets.xcassets; sourceTree = "<group>"; };
		69A2D4832C32ECCF000BF38D /* Preview Assets.xcassets */ = {isa = PBXFileReference; lastKnownFileType = folder.assetcatalog; path = "Preview Assets.xcassets"; sourceTree = "<group>"; };
		69A2D4892C32ECCF000BF38D /* FlickrTests.xctest */ = {isa = PBXFileReference; explicitFileType = wrapper.cfbundle; includeInIndex = 0; path = FlickrTests.xctest; sourceTree = BUILT_PRODUCTS_DIR; };
		69A2D48D2C32ECCF000BF38D /* FlickrTests.swift */ = {isa = PBXFileReference; lastKnownFileType = sourcecode.swift; path = FlickrTests.swift; sourceTree = "<group>"; };
		69A2D4932C32ECCF000BF38D /* FlickrUITests.xctest */ = {isa = PBXFileReference; explicitFileType = wrapper.cfbundle; includeInIndex = 0; path = FlickrUITests.xctest; sourceTree = BUILT_PRODUCTS_DIR; };
		69A2D4972C32ECCF000BF38D /* FlickrUITests.swift */ = {isa = PBXFileReference; lastKnownFileType = sourcecode.swift; path = FlickrUITests.swift; sourceTree = "<group>"; };
		69A2D4992C32ECCF000BF38D /* FlickrUITestsLaunchTests.swift */ = {isa = PBXFileReference; lastKnownFileType = sourcecode.swift; path = FlickrUITestsLaunchTests.swift; sourceTree = "<group>"; };
		69A2D4A62C32EE2C000BF38D /* FlickrFeed.swift */ = {isa = PBXFileReference; lastKnownFileType = sourcecode.swift; path = FlickrFeed.swift; sourceTree = "<group>"; };
		69A2D4A82C32EE5F000BF38D /* SearchBar.swift */ = {isa = PBXFileReference; lastKnownFileType = sourcecode.swift; path = SearchBar.swift; sourceTree = "<group>"; };
		69A2D4AA2C32F5D7000BF38D /* FlickerSearchBarViewModel.swift */ = {isa = PBXFileReference; lastKnownFileType = sourcecode.swift; path = FlickerSearchBarViewModel.swift; sourceTree = "<group>"; };
		69A2D4AC2C3302BE000BF38D /* ImageDetailView.swift */ = {isa = PBXFileReference; lastKnownFileType = sourcecode.swift; path = ImageDetailView.swift; sourceTree = "<group>"; };
		69A2D4AF2C330836000BF38D /* ImageDetailViewModel.swift */ = {isa = PBXFileReference; lastKnownFileType = sourcecode.swift; path = ImageDetailViewModel.swift; sourceTree = "<group>"; };
		69A2D4B12C3308A9000BF38D /* DateParsingTests.swift */ = {isa = PBXFileReference; lastKnownFileType = sourcecode.swift; path = DateParsingTests.swift; sourceTree = "<group>"; };
/* End PBXFileReference section */

/* Begin PBXFrameworksBuildPhase section */
		69A2D4762C32ECCC000BF38D /* Frameworks */ = {
			isa = PBXFrameworksBuildPhase;
			buildActionMask = 2147483647;
			files = (
			);
			runOnlyForDeploymentPostprocessing = 0;
		};
		69A2D4862C32ECCF000BF38D /* Frameworks */ = {
			isa = PBXFrameworksBuildPhase;
			buildActionMask = 2147483647;
			files = (
			);
			runOnlyForDeploymentPostprocessing = 0;
		};
		69A2D4902C32ECCF000BF38D /* Frameworks */ = {
			isa = PBXFrameworksBuildPhase;
			buildActionMask = 2147483647;
			files = (
			);
			runOnlyForDeploymentPostprocessing = 0;
		};
/* End PBXFrameworksBuildPhase section */

/* Begin PBXGroup section */
		69A2D4702C32ECCC000BF38D = {
			isa = PBXGroup;
			children = (
				69A2D47B2C32ECCC000BF38D /* Flickr */,
				69A2D48C2C32ECCF000BF38D /* FlickrTests */,
				69A2D4962C32ECCF000BF38D /* FlickrUITests */,
				69A2D47A2C32ECCC000BF38D /* Products */,
			);
			sourceTree = "<group>";
		};
		69A2D47A2C32ECCC000BF38D /* Products */ = {
			isa = PBXGroup;
			children = (
				69A2D4792C32ECCC000BF38D /* Flickr.app */,
				69A2D4892C32ECCF000BF38D /* FlickrTests.xctest */,
				69A2D4932C32ECCF000BF38D /* FlickrUITests.xctest */,
			);
			name = Products;
			sourceTree = "<group>";
		};
		69A2D47B2C32ECCC000BF38D /* Flickr */ = {
			isa = PBXGroup;
			children = (
				69A2D4AE2C330818000BF38D /* ViewModels */,
				69A2D47C2C32ECCC000BF38D /* FlickrApp.swift */,
				69A2D47E2C32ECCC000BF38D /* ContentView.swift */,
				69A2D4A62C32EE2C000BF38D /* FlickrFeed.swift */,
				69A2D4AC2C3302BE000BF38D /* ImageDetailView.swift */,
				69A2D4A82C32EE5F000BF38D /* SearchBar.swift */,
				69A2D4802C32ECCF000BF38D /* Assets.xcassets */,
				69A2D4822C32ECCF000BF38D /* Preview Content */,
			);
			path = Flickr;
			sourceTree = "<group>";
		};
		69A2D4822C32ECCF000BF38D /* Preview Content */ = {
			isa = PBXGroup;
			children = (
				69A2D4832C32ECCF000BF38D /* Preview Assets.xcassets */,
			);
			path = "Preview Content";
			sourceTree = "<group>";
		};
		69A2D48C2C32ECCF000BF38D /* FlickrTests */ = {
			isa = PBXGroup;
			children = (
				69A2D48D2C32ECCF000BF38D /* FlickrTests.swift */,
				69A2D4B12C3308A9000BF38D /* DateParsingTests.swift */,
			);
			path = FlickrTests;
			sourceTree = "<group>";
		};
		69A2D4962C32ECCF000BF38D /* FlickrUITests */ = {
			isa = PBXGroup;
			children = (
				69A2D4972C32ECCF000BF38D /* FlickrUITests.swift */,
				69A2D4992C32ECCF000BF38D /* FlickrUITestsLaunchTests.swift */,
			);
			path = FlickrUITests;
			sourceTree = "<group>";
		};
		69A2D4AE2C330818000BF38D /* ViewModels */ = {
			isa = PBXGroup;
			children = (
				69A2D4AA2C32F5D7000BF38D /* FlickerSearchBarViewModel.swift */,
				69A2D4AF2C330836000BF38D /* ImageDetailViewModel.swift */,
			);
			path = ViewModels;
			sourceTree = "<group>";
		};
/* End PBXGroup section */

/* Begin PBXNativeTarget section */
		69A2D4782C32ECCC000BF38D /* Flickr */ = {
			isa = PBXNativeTarget;
			buildConfigurationList = 69A2D49D2C32ECCF000BF38D /* Build configuration list for PBXNativeTarget "Flickr" */;
			buildPhases = (
				69A2D4752C32ECCC000BF38D /* Sources */,
				69A2D4762C32ECCC000BF38D /* Frameworks */,
				69A2D4772C32ECCC000BF38D /* Resources */,
			);
			buildRules = (
			);
			dependencies = (
			);
			name = Flickr;
			productName = Flickr;
			productReference = 69A2D4792C32ECCC000BF38D /* Flickr.app */;
			productType = "com.apple.product-type.application";
		};
		69A2D4882C32ECCF000BF38D /* FlickrTests */ = {
			isa = PBXNativeTarget;
			buildConfigurationList = 69A2D4A02C32ECCF000BF38D /* Build configuration list for PBXNativeTarget "FlickrTests" */;
			buildPhases = (
				69A2D4852C32ECCF000BF38D /* Sources */,
				69A2D4862C32ECCF000BF38D /* Frameworks */,
				69A2D4872C32ECCF000BF38D /* Resources */,
			);
			buildRules = (
			);
			dependencies = (
				69A2D48B2C32ECCF000BF38D /* PBXTargetDependency */,
			);
			name = FlickrTests;
			productName = FlickrTests;
			productReference = 69A2D4892C32ECCF000BF38D /* FlickrTests.xctest */;
			productType = "com.apple.product-type.bundle.unit-test";
		};
		69A2D4922C32ECCF000BF38D /* FlickrUITests */ = {
			isa = PBXNativeTarget;
			buildConfigurationList = 69A2D4A32C32ECCF000BF38D /* Build configuration list for PBXNativeTarget "FlickrUITests" */;
			buildPhases = (
				69A2D48F2C32ECCF000BF38D /* Sources */,
				69A2D4902C32ECCF000BF38D /* Frameworks */,
				69A2D4912C32ECCF000BF38D /* Resources */,
			);
			buildRules = (
			);
			dependencies = (
				69A2D4952C32ECCF000BF38D /* PBXTargetDependency */,
			);
			name = FlickrUITests;
			productName = FlickrUITests;
			productReference = 69A2D4932C32ECCF000BF38D /* FlickrUITests.xctest */;
			productType = "com.apple.product-type.bundle.ui-testing";
		};
/* End PBXNativeTarget section */

/* Begin PBXProject section */
		69A2D4712C32ECCC000BF38D /* Project object */ = {
			isa = PBXProject;
			attributes = {
				BuildIndependentTargetsInParallel = 1;
				LastSwiftUpdateCheck = 1340;
				LastUpgradeCheck = 1340;
				TargetAttributes = {
					69A2D4782C32ECCC000BF38D = {
						CreatedOnToolsVersion = 13.4.1;
					};
					69A2D4882C32ECCF000BF38D = {
						CreatedOnToolsVersion = 13.4.1;
						TestTargetID = 69A2D4782C32ECCC000BF38D;
					};
					69A2D4922C32ECCF000BF38D = {
						CreatedOnToolsVersion = 13.4.1;
						TestTargetID = 69A2D4782C32ECCC000BF38D;
					};
				};
			};
			buildConfigurationList = 69A2D4742C32ECCC000BF38D /* Build configuration list for PBXProject "Flickr" */;
			compatibilityVersion = "Xcode 13.0";
			developmentRegion = en;
			hasScannedForEncodings = 0;
			knownRegions = (
				en,
				Base,
			);
			mainGroup = 69A2D4702C32ECCC000BF38D;
			productRefGroup = 69A2D47A2C32ECCC000BF38D /* Products */;
			projectDirPath = "";
			projectRoot = "";
			targets = (
				69A2D4782C32ECCC000BF38D /* Flickr */,
				69A2D4882C32ECCF000BF38D /* FlickrTests */,
				69A2D4922C32ECCF000BF38D /* FlickrUITests */,
			);
		};
/* End PBXProject section */

/* Begin PBXResourcesBuildPhase section */
		69A2D4772C32ECCC000BF38D /* Resources */ = {
			isa = PBXResourcesBuildPhase;
			buildActionMask = 2147483647;
			files = (
				69A2D4842C32ECCF000BF38D /* Preview Assets.xcassets in Resources */,
				69A2D4812C32ECCF000BF38D /* Assets.xcassets in Resources */,
			);
			runOnlyForDeploymentPostprocessing = 0;
		};
		69A2D4872C32ECCF000BF38D /* Resources */ = {
			isa = PBXResourcesBuildPhase;
			buildActionMask = 2147483647;
			files = (
			);
			runOnlyForDeploymentPostprocessing = 0;
		};
		69A2D4912C32ECCF000BF38D /* Resources */ = {
			isa = PBXResourcesBuildPhase;
			buildActionMask = 2147483647;
			files = (
			);
			runOnlyForDeploymentPostprocessing = 0;
		};
/* End PBXResourcesBuildPhase section */

/* Begin PBXSourcesBuildPhase section */
		69A2D4752C32ECCC000BF38D /* Sources */ = {
			isa = PBXSourcesBuildPhase;
			buildActionMask = 2147483647;
			files = (
				69A2D4AB2C32F5D7000BF38D /* FlickerSearchBarViewModel.swift in Sources */,
				69D47BBF2C330C6F0004077A /* ImageDetailViewModel.swift in Sources */,
				69A2D47F2C32ECCC000BF38D /* ContentView.swift in Sources */,
				69A2D4A92C32EE5F000BF38D /* SearchBar.swift in Sources */,
				69A2D47D2C32ECCC000BF38D /* FlickrApp.swift in Sources */,
				69A2D4A72C32EE2C000BF38D /* FlickrFeed.swift in Sources */,
				69A2D4AD2C3302BE000BF38D /* ImageDetailView.swift in Sources */,
			);
			runOnlyForDeploymentPostprocessing = 0;
		};
		69A2D4852C32ECCF000BF38D /* Sources */ = {
			isa = PBXSourcesBuildPhase;
			buildActionMask = 2147483647;
			files = (
				69A2D48E2C32ECCF000BF38D /* FlickrTests.swift in Sources */,
				69A2D4B22C3308A9000BF38D /* DateParsingTests.swift in Sources */,
			);
			runOnlyForDeploymentPostprocessing = 0;
		};
		69A2D48F2C32ECCF000BF38D /* Sources */ = {
			isa = PBXSourcesBuildPhase;
			buildActionMask = 2147483647;
			files = (
				69A2D4982C32ECCF000BF38D /* FlickrUITests.swift in Sources */,
				69A2D49A2C32ECCF000BF38D /* FlickrUITestsLaunchTests.swift in Sources */,
			);
			runOnlyForDeploymentPostprocessing = 0;
		};
/* End PBXSourcesBuildPhase section */

/* Begin PBXTargetDependency section */
		69A2D48B2C32ECCF000BF38D /* PBXTargetDependency */ = {
			isa = PBXTargetDependency;
			target = 69A2D4782C32ECCC000BF38D /* Flickr */;
			targetProxy = 69A2D48A2C32ECCF000BF38D /* PBXContainerItemProxy */;
		};
		69A2D4952C32ECCF000BF38D /* PBXTargetDependency */ = {
			isa = PBXTargetDependency;
			target = 69A2D4782C32ECCC000BF38D /* Flickr */;
			targetProxy = 69A2D4942C32ECCF000BF38D /* PBXContainerItemProxy */;
		};
/* End PBXTargetDependency section */

/* Begin XCBuildConfiguration section */
		69A2D49B2C32ECCF000BF38D /* Debug */ = {
			isa = XCBuildConfiguration;
			buildSettings = {
				ALWAYS_SEARCH_USER_PATHS = NO;
				CLANG_ANALYZER_NONNULL = YES;
				CLANG_ANALYZER_NUMBER_OBJECT_CONVERSION = YES_AGGRESSIVE;
				CLANG_CXX_LANGUAGE_STANDARD = "gnu++17";
				CLANG_ENABLE_MODULES = YES;
				CLANG_ENABLE_OBJC_ARC = YES;
				CLANG_ENABLE_OBJC_WEAK = YES;
				CLANG_WARN_BLOCK_CAPTURE_AUTORELEASING = YES;
				CLANG_WARN_BOOL_CONVERSION = YES;
				CLANG_WARN_COMMA = YES;
				CLANG_WARN_CONSTANT_CONVERSION = YES;
				CLANG_WARN_DEPRECATED_OBJC_IMPLEMENTATIONS = YES;
				CLANG_WARN_DIRECT_OBJC_ISA_USAGE = YES_ERROR;
				CLANG_WARN_DOCUMENTATION_COMMENTS = YES;
				CLANG_WARN_EMPTY_BODY = YES;
				CLANG_WARN_ENUM_CONVERSION = YES;
				CLANG_WARN_INFINITE_RECURSION = YES;
				CLANG_WARN_INT_CONVERSION = YES;
				CLANG_WARN_NON_LITERAL_NULL_CONVERSION = YES;
				CLANG_WARN_OBJC_IMPLICIT_RETAIN_SELF = YES;
				CLANG_WARN_OBJC_LITERAL_CONVERSION = YES;
				CLANG_WARN_OBJC_ROOT_CLASS = YES_ERROR;
				CLANG_WARN_QUOTED_INCLUDE_IN_FRAMEWORK_HEADER = YES;
				CLANG_WARN_RANGE_LOOP_ANALYSIS = YES;
				CLANG_WARN_STRICT_PROTOTYPES = YES;
				CLANG_WARN_SUSPICIOUS_MOVE = YES;
				CLANG_WARN_UNGUARDED_AVAILABILITY = YES_AGGRESSIVE;
				CLANG_WARN_UNREACHABLE_CODE = YES;
				CLANG_WARN__DUPLICATE_METHOD_MATCH = YES;
				COPY_PHASE_STRIP = NO;
				DEBUG_INFORMATION_FORMAT = dwarf;
				ENABLE_STRICT_OBJC_MSGSEND = YES;
				ENABLE_TESTABILITY = YES;
				GCC_C_LANGUAGE_STANDARD = gnu11;
				GCC_DYNAMIC_NO_PIC = NO;
				GCC_NO_COMMON_BLOCKS = YES;
				GCC_OPTIMIZATION_LEVEL = 0;
				GCC_PREPROCESSOR_DEFINITIONS = (
					"DEBUG=1",
					"$(inherited)",
				);
				GCC_WARN_64_TO_32_BIT_CONVERSION = YES;
				GCC_WARN_ABOUT_RETURN_TYPE = YES_ERROR;
				GCC_WARN_UNDECLARED_SELECTOR = YES;
				GCC_WARN_UNINITIALIZED_AUTOS = YES_AGGRESSIVE;
				GCC_WARN_UNUSED_FUNCTION = YES;
				GCC_WARN_UNUSED_VARIABLE = YES;
				IPHONEOS_DEPLOYMENT_TARGET = 15.5;
				MTL_ENABLE_DEBUG_INFO = INCLUDE_SOURCE;
				MTL_FAST_MATH = YES;
				ONLY_ACTIVE_ARCH = YES;
				SDKROOT = iphoneos;
				SWIFT_ACTIVE_COMPILATION_CONDITIONS = DEBUG;
				SWIFT_OPTIMIZATION_LEVEL = "-Onone";
			};
			name = Debug;
		};
		69A2D49C2C32ECCF000BF38D /* Release */ = {
			isa = XCBuildConfiguration;
			buildSettings = {
				ALWAYS_SEARCH_USER_PATHS = NO;
				CLANG_ANALYZER_NONNULL = YES;
				CLANG_ANALYZER_NUMBER_OBJECT_CONVERSION = YES_AGGRESSIVE;
				CLANG_CXX_LANGUAGE_STANDARD = "gnu++17";
				CLANG_ENABLE_MODULES = YES;
				CLANG_ENABLE_OBJC_ARC = YES;
				CLANG_ENABLE_OBJC_WEAK = YES;
				CLANG_WARN_BLOCK_CAPTURE_AUTORELEASING = YES;
				CLANG_WARN_BOOL_CONVERSION = YES;
				CLANG_WARN_COMMA = YES;
				CLANG_WARN_CONSTANT_CONVERSION = YES;
				CLANG_WARN_DEPRECATED_OBJC_IMPLEMENTATIONS = YES;
				CLANG_WARN_DIRECT_OBJC_ISA_USAGE = YES_ERROR;
				CLANG_WARN_DOCUMENTATION_COMMENTS = YES;
				CLANG_WARN_EMPTY_BODY = YES;
				CLANG_WARN_ENUM_CONVERSION = YES;
				CLANG_WARN_INFINITE_RECURSION = YES;
				CLANG_WARN_INT_CONVERSION = YES;
				CLANG_WARN_NON_LITERAL_NULL_CONVERSION = YES;
				CLANG_WARN_OBJC_IMPLICIT_RETAIN_SELF = YES;
				CLANG_WARN_OBJC_LITERAL_CONVERSION = YES;
				CLANG_WARN_OBJC_ROOT_CLASS = YES_ERROR;
				CLANG_WARN_QUOTED_INCLUDE_IN_FRAMEWORK_HEADER = YES;
				CLANG_WARN_RANGE_LOOP_ANALYSIS = YES;
				CLANG_WARN_STRICT_PROTOTYPES = YES;
				CLANG_WARN_SUSPICIOUS_MOVE = YES;
				CLANG_WARN_UNGUARDED_AVAILABILITY = YES_AGGRESSIVE;
				CLANG_WARN_UNREACHABLE_CODE = YES;
				CLANG_WARN__DUPLICATE_METHOD_MATCH = YES;
				COPY_PHASE_STRIP = NO;
				DEBUG_INFORMATION_FORMAT = "dwarf-with-dsym";
				ENABLE_NS_ASSERTIONS = NO;
				ENABLE_STRICT_OBJC_MSGSEND = YES;
				GCC_C_LANGUAGE_STANDARD = gnu11;
				GCC_NO_COMMON_BLOCKS = YES;
				GCC_WARN_64_TO_32_BIT_CONVERSION = YES;
				GCC_WARN_ABOUT_RETURN_TYPE = YES_ERROR;
				GCC_WARN_UNDECLARED_SELECTOR = YES;
				GCC_WARN_UNINITIALIZED_AUTOS = YES_AGGRESSIVE;
				GCC_WARN_UNUSED_FUNCTION = YES;
				GCC_WARN_UNUSED_VARIABLE = YES;
				IPHONEOS_DEPLOYMENT_TARGET = 15.5;
				MTL_ENABLE_DEBUG_INFO = NO;
				MTL_FAST_MATH = YES;
				SDKROOT = iphoneos;
				SWIFT_COMPILATION_MODE = wholemodule;
				SWIFT_OPTIMIZATION_LEVEL = "-O";
				VALIDATE_PRODUCT = YES;
			};
			name = Release;
		};
		69A2D49E2C32ECCF000BF38D /* Debug */ = {
			isa = XCBuildConfiguration;
			buildSettings = {
				ASSETCATALOG_COMPILER_APPICON_NAME = AppIcon;
				ASSETCATALOG_COMPILER_GLOBAL_ACCENT_COLOR_NAME = AccentColor;
				CODE_SIGN_STYLE = Automatic;
				CURRENT_PROJECT_VERSION = 1;
				DEVELOPMENT_ASSET_PATHS = "\"Flickr/Preview Content\"";
				ENABLE_PREVIEWS = YES;
				GENERATE_INFOPLIST_FILE = YES;
				INFOPLIST_KEY_UIApplicationSceneManifest_Generation = YES;
				INFOPLIST_KEY_UIApplicationSupportsIndirectInputEvents = YES;
				INFOPLIST_KEY_UILaunchScreen_Generation = YES;
				INFOPLIST_KEY_UISupportedInterfaceOrientations_iPad = "UIInterfaceOrientationPortrait UIInterfaceOrientationPortraitUpsideDown UIInterfaceOrientationLandscapeLeft UIInterfaceOrientationLandscapeRight";
				INFOPLIST_KEY_UISupportedInterfaceOrientations_iPhone = "UIInterfaceOrientationPortrait UIInterfaceOrientationLandscapeLeft UIInterfaceOrientationLandscapeRight";
				LD_RUNPATH_SEARCH_PATHS = (
					"$(inherited)",
					"@executable_path/Frameworks",
				);
				MARKETING_VERSION = 1.0;
				PRODUCT_BUNDLE_IDENTIFIER = com.gl.Flickr;
				PRODUCT_NAME = "$(TARGET_NAME)";
				SWIFT_EMIT_LOC_STRINGS = YES;
				SWIFT_VERSION = 5.0;
				TARGETED_DEVICE_FAMILY = "1,2";
			};
			name = Debug;
		};
		69A2D49F2C32ECCF000BF38D /* Release */ = {
			isa = XCBuildConfiguration;
			buildSettings = {
				ASSETCATALOG_COMPILER_APPICON_NAME = AppIcon;
				ASSETCATALOG_COMPILER_GLOBAL_ACCENT_COLOR_NAME = AccentColor;
				CODE_SIGN_STYLE = Automatic;
				CURRENT_PROJECT_VERSION = 1;
				DEVELOPMENT_ASSET_PATHS = "\"Flickr/Preview Content\"";
				ENABLE_PREVIEWS = YES;
				GENERATE_INFOPLIST_FILE = YES;
				INFOPLIST_KEY_UIApplicationSceneManifest_Generation = YES;
				INFOPLIST_KEY_UIApplicationSupportsIndirectInputEvents = YES;
				INFOPLIST_KEY_UILaunchScreen_Generation = YES;
				INFOPLIST_KEY_UISupportedInterfaceOrientations_iPad = "UIInterfaceOrientationPortrait UIInterfaceOrientationPortraitUpsideDown UIInterfaceOrientationLandscapeLeft UIInterfaceOrientationLandscapeRight";
				INFOPLIST_KEY_UISupportedInterfaceOrientations_iPhone = "UIInterfaceOrientationPortrait UIInterfaceOrientationLandscapeLeft UIInterfaceOrientationLandscapeRight";
				LD_RUNPATH_SEARCH_PATHS = (
					"$(inherited)",
					"@executable_path/Frameworks",
				);
				MARKETING_VERSION = 1.0;
				PRODUCT_BUNDLE_IDENTIFIER = com.gl.Flickr;
				PRODUCT_NAME = "$(TARGET_NAME)";
				SWIFT_EMIT_LOC_STRINGS = YES;
				SWIFT_VERSION = 5.0;
				TARGETED_DEVICE_FAMILY = "1,2";
			};
			name = Release;
		};
		69A2D4A12C32ECCF000BF38D /* Debug */ = {
			isa = XCBuildConfiguration;
			buildSettings = {
				ALWAYS_EMBED_SWIFT_STANDARD_LIBRARIES = YES;
				BUNDLE_LOADER = "$(TEST_HOST)";
				CODE_SIGN_STYLE = Automatic;
				CURRENT_PROJECT_VERSION = 1;
				GENERATE_INFOPLIST_FILE = YES;
				IPHONEOS_DEPLOYMENT_TARGET = 15.5;
				MARKETING_VERSION = 1.0;
				PRODUCT_BUNDLE_IDENTIFIER = com.gl.FlickrTests;
				PRODUCT_NAME = "$(TARGET_NAME)";
				SWIFT_EMIT_LOC_STRINGS = NO;
				SWIFT_VERSION = 5.0;
				TARGETED_DEVICE_FAMILY = "1,2";
				TEST_HOST = "$(BUILT_PRODUCTS_DIR)/Flickr.app/Flickr";
			};
			name = Debug;
		};
		69A2D4A22C32ECCF000BF38D /* Release */ = {
			isa = XCBuildConfiguration;
			buildSettings = {
				ALWAYS_EMBED_SWIFT_STANDARD_LIBRARIES = YES;
				BUNDLE_LOADER = "$(TEST_HOST)";
				CODE_SIGN_STYLE = Automatic;
				CURRENT_PROJECT_VERSION = 1;
				GENERATE_INFOPLIST_FILE = YES;
				IPHONEOS_DEPLOYMENT_TARGET = 15.5;
				MARKETING_VERSION = 1.0;
				PRODUCT_BUNDLE_IDENTIFIER = com.gl.FlickrTests;
				PRODUCT_NAME = "$(TARGET_NAME)";
				SWIFT_EMIT_LOC_STRINGS = NO;
				SWIFT_VERSION = 5.0;
				TARGETED_DEVICE_FAMILY = "1,2";
				TEST_HOST = "$(BUILT_PRODUCTS_DIR)/Flickr.app/Flickr";
			};
			name = Release;
		};
		69A2D4A42C32ECCF000BF38D /* Debug */ = {
			isa = XCBuildConfiguration;
			buildSettings = {
				ALWAYS_EMBED_SWIFT_STANDARD_LIBRARIES = YES;
				CODE_SIGN_STYLE = Automatic;
				CURRENT_PROJECT_VERSION = 1;
				GENERATE_INFOPLIST_FILE = YES;
				MARKETING_VERSION = 1.0;
				PRODUCT_BUNDLE_IDENTIFIER = com.gl.FlickrUITests;
				PRODUCT_NAME = "$(TARGET_NAME)";
				SWIFT_EMIT_LOC_STRINGS = NO;
				SWIFT_VERSION = 5.0;
				TARGETED_DEVICE_FAMILY = "1,2";
				TEST_TARGET_NAME = Flickr;
			};
			name = Debug;
		};
		69A2D4A52C32ECCF000BF38D /* Release */ = {
			isa = XCBuildConfiguration;
			buildSettings = {
				ALWAYS_EMBED_SWIFT_STANDARD_LIBRARIES = YES;
				CODE_SIGN_STYLE = Automatic;
				CURRENT_PROJECT_VERSION = 1;
				GENERATE_INFOPLIST_FILE = YES;
				MARKETING_VERSION = 1.0;
				PRODUCT_BUNDLE_IDENTIFIER = com.gl.FlickrUITests;
				PRODUCT_NAME = "$(TARGET_NAME)";
				SWIFT_EMIT_LOC_STRINGS = NO;
				SWIFT_VERSION = 5.0;
				TARGETED_DEVICE_FAMILY = "1,2";
				TEST_TARGET_NAME = Flickr;
			};
			name = Release;
		};
/* End XCBuildConfiguration section */

/* Begin XCConfigurationList section */
		69A2D4742C32ECCC000BF38D /* Build configuration list for PBXProject "Flickr" */ = {
			isa = XCConfigurationList;
			buildConfigurations = (
				69A2D49B2C32ECCF000BF38D /* Debug */,
				69A2D49C2C32ECCF000BF38D /* Release */,
			);
			defaultConfigurationIsVisible = 0;
			defaultConfigurationName = Release;
		};
		69A2D49D2C32ECCF000BF38D /* Build configuration list for PBXNativeTarget "Flickr" */ = {
			isa = XCConfigurationList;
			buildConfigurations = (
				69A2D49E2C32ECCF000BF38D /* Debug */,
				69A2D49F2C32ECCF000BF38D /* Release */,
			);
			defaultConfigurationIsVisible = 0;
			defaultConfigurationName = Release;
		};
		69A2D4A02C32ECCF000BF38D /* Build configuration list for PBXNativeTarget "FlickrTests" */ = {
			isa = XCConfigurationList;
			buildConfigurations = (
				69A2D4A12C32ECCF000BF38D /* Debug */,
				69A2D4A22C32ECCF000BF38D /* Release */,
			);
			defaultConfigurationIsVisible = 0;
			defaultConfigurationName = Release;
		};
		69A2D4A32C32ECCF000BF38D /* Build configuration list for PBXNativeTarget "FlickrUITests" */ = {
			isa = XCConfigurationList;
			buildConfigurations = (
				69A2D4A42C32ECCF000BF38D /* Debug */,
				69A2D4A52C32ECCF000BF38D /* Release */,
			);
			defaultConfigurationIsVisible = 0;
			defaultConfigurationName = Release;
		};
/* End XCConfigurationList section */
	};
	rootObject = 69A2D4712C32ECCC000BF38D /* Project object */;
}
